
Microsoft Visual Studio Solution File, Format Version 12.00
Project("{FAE04EC0-301F-11D3-BF4B-00C04F79EFBC}") = "HomeBoxNet.API", "HomeBoxNet.API\HomeBoxNet.API.csproj", "{20DD59A8-70A5-4DE9-B113-8A948ACF8DAF}"
EndProject
Project("{FAE04EC0-301F-11D3-BF4B-00C04F79EFBC}") = "HomeBoxNet.Data", "HomeBoxNet.Data\HomeBoxNet.Data.csproj", "{AFF6EB8B-610C-4DB5-8F6B-A1A8EEF44107}"
EndProject
Project("{FAE04EC0-301F-11D3-BF4B-00C04F79EFBC}") = "HomeBoxNet.Migrate.MySQL", "HomeBoxNet.Migrate.MySQL\HomeBoxNet.Migrate.MySQL.csproj", "{17EDDE88-58F9-4696-9CDA-E7D6ACDCF6B9}"
EndProject
Project("{FAE04EC0-301F-11D3-BF4B-00C04F79EFBC}") = "HomeBoxNet.Migrate.Sqlite", "HomeBoxNet.Migrate.Sqlite\HomeBoxNet.Migrate.Sqlite.csproj", "{297D789A-8C0A-45A8-9981-0BB9A6F89F51}"
EndProject
Project("{FAE04EC0-301F-11D3-BF4B-00C04F79EFBC}") = "HomeBoxNet.Migrate.Npgsql", "HomeBoxNet.Migrate.Npgsql\HomeBoxNet.Migrate.Npgsql.csproj", "{29E58FF1-E7AC-46E7-AB97-2051757D8F1C}"
EndProject
Global
	GlobalSection(SolutionConfigurationPlatforms) = preSolution
		Debug|Any CPU = Debug|Any CPU
		Release|Any CPU = Release|Any CPU
	EndGlobalSection
	GlobalSection(ProjectConfigurationPlatforms) = postSolution
		{20DD59A8-70A5-4DE9-B113-8A948ACF8DAF}.Debug|Any CPU.ActiveCfg = Debug|Any CPU
		{20DD59A8-70A5-4DE9-B113-8A948ACF8DAF}.Debug|Any CPU.Build.0 = Debug|Any CPU
		{20DD59A8-70A5-4DE9-B113-8A948ACF8DAF}.Release|Any CPU.ActiveCfg = Release|Any CPU
		{20DD59A8-70A5-4DE9-B113-8A948ACF8DAF}.Release|Any CPU.Build.0 = Release|Any CPU
		{AFF6EB8B-610C-4DB5-8F6B-A1A8EEF44107}.Debug|Any CPU.ActiveCfg = Debug|Any CPU
		{AFF6EB8B-610C-4DB5-8F6B-A1A8EEF44107}.Debug|Any CPU.Build.0 = Debug|Any CPU
		{AFF6EB8B-610C-4DB5-8F6B-A1A8EEF44107}.Release|Any CPU.ActiveCfg = Release|Any CPU
		{AFF6EB8B-610C-4DB5-8F6B-A1A8EEF44107}.Release|Any CPU.Build.0 = Release|Any CPU
		{17EDDE88-58F9-4696-9CDA-E7D6ACDCF6B9}.Debug|Any CPU.ActiveCfg = Debug|Any CPU
		{17EDDE88-58F9-4696-9CDA-E7D6ACDCF6B9}.Debug|Any CPU.Build.0 = Debug|Any CPU
		{17EDDE88-58F9-4696-9CDA-E7D6ACDCF6B9}.Release|Any CPU.ActiveCfg = Release|Any CPU
		{17EDDE88-58F9-4696-9CDA-E7D6ACDCF6B9}.Release|Any CPU.Build.0 = Release|Any CPU
		{297D789A-8C0A-45A8-9981-0BB9A6F89F51}.Debug|Any CPU.ActiveCfg = Debug|Any CPU
		{297D789A-8C0A-45A8-9981-0BB9A6F89F51}.Debug|Any CPU.Build.0 = Debug|Any CPU
		{297D789A-8C0A-45A8-9981-0BB9A6F89F51}.Release|Any CPU.ActiveCfg = Release|Any CPU
		{297D789A-8C0A-45A8-9981-0BB9A6F89F51}.Release|Any CPU.Build.0 = Release|Any CPU
		{29E58FF1-E7AC-46E7-AB97-2051757D8F1C}.Debug|Any CPU.ActiveCfg = Debug|Any CPU
		{29E58FF1-E7AC-46E7-AB97-2051757D8F1C}.Debug|Any CPU.Build.0 = Debug|Any CPU
		{29E58FF1-E7AC-46E7-AB97-2051757D8F1C}.Release|Any CPU.ActiveCfg = Release|Any CPU
		{29E58FF1-E7AC-46E7-AB97-2051757D8F1C}.Release|Any CPU.Build.0 = Release|Any CPU
	EndGlobalSection
EndGlobal
